github.com/SGPractice/link v0.0.0-20211214230603-bc630522c738 h1:eEeC0OvrZnYeVq5ePr4oWso/Uk4mVfgMPQ/3V0/jAbY=
github.com/SGPractice/link v0.0.0-20211214230603-bc630522c738/go.mod h1:m9LSyu/rU/7The4e48N/wE97eH5WV/uEMG6D1tI+kXM=
github.com/SGPractice/link v0.0.0-20211215003245-d50790b6c46d h1:kB9pztxF/6E502u98wWPSVL4MoDkEkSAq643Iz9Jexs=
github.com/SGPractice/link v0.0.0-20211215003245-d50790b6c46d/go.mod h1:m9LSyu/rU/7The4e48N/wE97eH5WV/uEMG6D1tI+kXM=
github.com/SGPractice/link v0.0.0-20211215012428-070463098417 h1:+CIkLBpRIWpdG5fKwaoEWi02/OBCQ/nxrZnUg6hB4Pg=
github.com/SGPractice/link v0.0.0-20211215012428-070463098417/go.mod h1:m9LSyu/rU/7The4e48N/wE97eH5WV/uEMG6D1tI+kXM=
github.com/SGPractice/link v0.0.0-20211215013337-3943dd596992 h1:uMytsEIkoGUkKAu9OPQQEtPZT2KfzeUg3hvYibgO4ww=
github.com/SGPractice/link v0.0.0-20211215013337-3943dd596992/go.mod h1:m9LSyu/rU/7The4e48N/wE97eH5WV/uEMG6D1tI+kXM=
github.com/SGPractice/link v0.0.0-20211215203337-de95fc9618db h1:HTculLLBHtoV6g+5AijfC+OUnG6gkV1oxFhL+9fVO+Y=
github.com/SGPractice/link v0.0.0-20211215203337-de95fc9618db/go.mod h1:m9LSyu/rU/7The4e48N/wE97eH5WV/uEMG6D1tI+kXM=
github.com/SGPractice/link v0.0.0-20211215210016-b2de4f35d4cd h1:kya6w3M5+MJJzeu7MTtcGKvmQEmt4asi3keRx+vadAM=
github.com/SGPractice/link v0.0.0-20211215210016-b2de4f35d4cd/go.mod h1:m9LSyu/rU/7The4e48N/wE97eH5WV/uEMG6D1tI+kXM=
github.com/SGPractice/link v0.0.0-20211215210930-dcd156fa4f9c h1:UHdvtLNiSaOLUEgy8LGUkacuRXaO1AYS5IRRZGfnPJw=
github.com/SGPractice/link v0.0.0-20211215210930-dcd156fa4f9c/go.mod h1:m9LSyu/rU/7The4e48N/wE97eH5WV/uEMG6D1tI+kXM=
github.com/SGPractice/link v0.0.0-20211215211311-41e3684d540a h1:eebEsCrrCKOPQ50F4uZqF2TFvuD7Vzo+N3sYWTXDk70=
github.com/SGPractice/link v0.0.0-20211215211311-41e3684d540a/go.mod h1:m9LSyu/rU/7The4e48N/wE97eH5WV/uEMG6D1tI+kXM=
github.com/SGPractice/link v0.0.0-20211215211717-8177cb0e6fdd h1:2wj40dV81gkaRcq7RxE2d0TY3xan0MTWEbNSpT8x5Lw=
github.com/SGPractice/link v0.0.0-20211215211717-8177cb0e6fdd/go.mod h1:m9LSyu/rU/7The4e48N/wE97eH5WV/uEMG6D1tI+kXM=
github.com/SGPractice/link v0.0.0-20211215212458-d921c331c9b2 h1:ao5p7GrrKO4YSyyN8pluzI2mAt17U1drFbQgA08PVNk=
github.com/SGPractice/link v0.0.0-20211215212458-d921c331c9b2/go.mod h1:m9LSyu/rU/7The4e48N/wE97eH5WV/uEMG6D1tI+kXM=
github.com/SGPractice/link v0.0.0-20211216230834-c9242c14266a h1:Jo5+qiZYWBoZQ9/czfo02L2oyuKScS/7e80j8z5LcXk=
github.com/SGPractice/link v0.0.0-20211216230834-c9242c14266a/go.mod h1:m9LSyu/rU/7The4e48N/wE97eH5WV/uEMG6D1tI+kXM=
github.com/SGPractice/link v0.0.0-20211219191312-e9bbeedf5d4a h1:H/EIDQXcO+6Xqj2JHnvAFWqDB3oFcqflDDC/2/CBL6M=
github.com/SGPractice/link v0.0.0-20211219191312-e9bbeedf5d4a/go.mod h1:m9LSyu/rU/7The4e48N/wE97eH5WV/uEMG6D1tI+kXM=
github.com/bwmarrin/discordgo v0.23.2 h1:BzrtTktixGHIu9Tt7dEE6diysEF9HWnXeHuoJEt2fH4=
github.com/bwmarrin/discordgo v0.23.2/go.mod h1:c1WtWUGN6nREDmzIpyTp/iD3VYt4Fpx+bVyfBG7JE+M=
github.com/go-sql-driver/mysql v1.6.0 h1:BCTh4TKNUYmOmMUcQ3IipzF5prigylS7XXjEkfCHuOE=
github.com/go-sql-driver/mysql v1.6.0/go.mod h1:DCzpHaOWr8IXmIStZouvnhqoel9Qv2LBy8hT2VhHyBg=
github.com/gorilla/websocket v1.4.0 h1:WDFjx/TMzVgy9VdMMQi2K2Emtwi2QcUQsztZ/zLaH/Q=
github.com/gorilla/websocket v1.4.0/go.mod h1:E7qHFY5m1UJ88s3WnNqhKjPHQ0heANvMoAMk2YaljkQ=
golang.org/x/crypto v0.0.0-20181030102418-4d3f4d9ffa16 h1:y6ce7gCWtnH+m3dCjzQ1PCuwl28DDIc3VNnvY29DlIA=
golang.org/x/crypto v0.0.0-20181030102418-4d3f4d9ffa16/go.mod h1:6SG95UA2DQfeDnfUPMdvaQW0Q7yPrPDi9nlGo2tz2b4=
